{
  "name": "atlas_crm",
  "lockfileVersion": 3,
  "requires": true,
  "packages": {
    "": {
      "dependencies": {
        "clerk": "^1.5.0"
      }
    },
    "node_modules/@clerk/cli-darwin-arm64": {
      "version": "1.5.0",
      "resolved": "https://registry.npmjs.org/@clerk/cli-darwin-arm64/-/cli-darwin-arm64-1.5.0.tgz",
      "integrity": "sha512-8Ed0jRgjUIjAQh04xCafT/JBzMGeYuY4LCs37iJr5msRDfDTn5GIjkmgtGpoHLS/xQPehtqATk3OkTe+X+rY3w==",
      "cpu": [
        "arm64"
      ],
      "license": "MIT",
      "optional": true,
      "os": [
        "darwin"
      ]
    },
    "node_modules/@clerk/cli-darwin-x64": {
      "version": "1.5.0",
      "resolved": "https://registry.npmjs.org/@clerk/cli-darwin-x64/-/cli-darwin-x64-1.5.0.tgz",
      "integrity": "sha512-UqVBwPI+cxE8PJ6ULLcR8dq0ujn2RVfMXZaZZmjUPCJO0jzZbsBZt/HN0cVWBC8XJmYJZM1CW9T2G/Zo/KfTyA==",
      "cpu": [
        "x64"
      ],
      "license": "MIT",
      "optional": true,
      "os": [
        "darwin"
      ]
    },
    "node_modules/@clerk/cli-linux-arm64": {
      "version": "1.5.0",
      "resolved": "https://registry.npmjs.org/@clerk/cli-linux-arm64/-/cli-linux-arm64-1.5.0.tgz",
      "integrity": "sha512-8+KXmYvRYbV1hZRod8i/0Ni6qZvmUZOhLutDtlN4lpIO0HwDbx/C2dK5pGP5xN3x30ZlyhmYBPAd6vNj7z3VYg==",
      "cpu": [
        "arm64"
      ],
      "license": "MIT",
      "optional": true,
      "os": [
        "linux"
      ]
    },
    "node_modules/@clerk/cli-linux-arm64-musl": {
      "version": "1.5.0",
      "resolved": "https://registry.npmjs.org/@clerk/cli-linux-arm64-musl/-/cli-linux-arm64-musl-1.5.0.tgz",
      "integrity": "sha512-O1fIwjXE43zH/GFp6Qnt5Uktg3s3xIhv7b2dE3QkVbJeoBAzhTt6WJKqoDRlSBw13Zqj46NGEESK4+DkGVxhFA==",
      "cpu": [
        "arm64"
      ],
      "license": "MIT",
      "optional": true,
      "os": [
        "linux"
      ]
    },
    "node_modules/@clerk/cli-linux-x64": {
      "version": "1.5.0",
      "resolved": "https://registry.npmjs.org/@clerk/cli-linux-x64/-/cli-linux-x64-1.5.0.tgz",
      "integrity": "sha512-f2CAzCjiG6BOZ2W9o2eFhtbHpPB1yV/vGqbDzYF4Gb84zpgP7ELoL4KnfqqUIaiOdjlcYtJFCIHk/34wrZiXXw==",
      "cpu": [
        "x64"
      ],
      "license": "MIT",
      "optional": true,
      "os": [
        "linux"
      ]
    },
    "node_modules/@clerk/cli-linux-x64-musl": {
      "version": "1.5.0",
      "resolved": "https://registry.npmjs.org/@clerk/cli-linux-x64-musl/-/cli-linux-x64-musl-1.5.0.tgz",
      "integrity": "sha512-I0K9+3Y8KRkq5H8acUv068j2+A7DMgiEAgQh8yogz8MhLlJ2EN3dJ3ZqMY+CPj7v/yfCl8izFYm7QE25fkK83Q==",
      "cpu": [
        "x64"
      ],
      "license": "MIT",
      "optional": true,
      "os": [
        "linux"
      ]
    },
    "node_modules/@clerk/cli-win32-arm64": {
      "version": "1.5.0",
      "resolved": "https://registry.npmjs.org/@clerk/cli-win32-arm64/-/cli-win32-arm64-1.5.0.tgz",
      "integrity": "sha512-+M+6EViBJFAQc4L47IwI+vEna25LqqXzLEhugztd+fw4jWVi9ZxlCL18EJ+b5ekFZY0Y0lymOukSk/Q0BQ7uNw==",
      "cpu": [
        "arm64"
      ],
      "license": "MIT",
      "optional": true,
      "os": [
        "win32"
      ]
    },
    "node_modules/@clerk/cli-win32-x64": {
      "version": "1.5.0",
      "resolved": "https://registry.npmjs.org/@clerk/cli-win32-x64/-/cli-win32-x64-1.5.0.tgz",
      "integrity": "sha512-JXaJmhpf+j+cmuXp6jkvooNjeSs7aLRl2gs4eX1+aU9YOTx5/AgODz7xBLj7jE2HumN9URa4OzkNrY1u+yKvWw==",
      "cpu": [
        "x64"
      ],
      "license": "MIT",
      "optional": true,
      "os": [
        "win32"
      ]
    },
    "node_modules/clerk": {
      "version": "1.5.0",
      "resolved": "https://registry.npmjs.org/clerk/-/clerk-1.5.0.tgz",
      "integrity": "sha512-oVlCmlaPEXwlI64xa5xuwkl4HUjZlDIRm364F3im4EJXixisEFRuhyTwxinhGPFa8OBQyMAWGewfQQZEWYxXog==",
      "license": "MIT",
      "bin": {
        "clerk": "bin/clerk"
      },
      "engines": {
        "node": ">=20.0.0"
      },
      "optionalDependencies": {
        "@clerk/cli-darwin-arm64": "1.5.0",
        "@clerk/cli-darwin-x64": "1.5.0",
        "@clerk/cli-linux-arm64": "1.5.0",
        "@clerk/cli-linux-arm64-musl": "1.5.0",
        "@clerk/cli-linux-x64": "1.5.0",
        "@clerk/cli-linux-x64-musl": "1.5.0",
        "@clerk/cli-win32-arm64": "1.5.0",
        "@clerk/cli-win32-x64": "1.5.0"
      }
    }
  }
}
